// !$*UTF8*$!
{
	archiveVersion = 1;
	classes = {
	};
	objectVersion = 46;
	objects = {

/* Begin PBXBuildFile section */
		41149096166ACEE300C67007 /* FPPicker.framework in Frameworks */ = {isa = PBXBuildFile; fileRef = 41149095166ACEE300C67007 /* FPPicker.framework */; };
		4114909A166ACF5200C67007 /* FPPicker.bundle in Resources */ = {isa = PBXBuildFile; fileRef = 41149098166ACF5200C67007 /* FPPicker.bundle */; };
		4129107C166AD75800CF4B32 /* MobileCoreServices.framework in Frameworks */ = {isa = PBXBuildFile; fileRef = 4129107B166AD75800CF4B32 /* MobileCoreServices.framework */; };
		4129107F166AD8B900CF4B32 /* AssetsLibrary.framework in Frameworks */ = {isa = PBXBuildFile; fileRef = 4129107E166AD8B900CF4B32 /* AssetsLibrary.framework */; };
		41291085166AF6F700CF4B32 /* Firebase.framework in Frameworks */ = {isa = PBXBuildFile; fileRef = 41291084166AF6F700CF4B32 /* Firebase.framework */; };
		4129108A166B058B00CF4B32 /* FZSearchListViewController.m in Sources */ = {isa = PBXBuildFile; fileRef = D95D5E91166AD3C5004CFC30 /* FZSearchListViewController.m */; };
		4129108B166B058B00CF4B32 /* FZSearchListViewCell.m in Sources */ = {isa = PBXBuildFile; fileRef = D95D5E98166ADA05004CFC30 /* FZSearchListViewCell.m */; };
		D95D5E26166AADBD004CFC30 /* UIKit.framework in Frameworks */ = {isa = PBXBuildFile; fileRef = D95D5E25166AADBD004CFC30 /* UIKit.framework */; };
		D95D5E28166AADBD004CFC30 /* Foundation.framework in Frameworks */ = {isa = PBXBuildFile; fileRef = D95D5E27166AADBD004CFC30 /* Foundation.framework */; };
		D95D5E2A166AADBD004CFC30 /* CoreGraphics.framework in Frameworks */ = {isa = PBXBuildFile; fileRef = D95D5E29166AADBD004CFC30 /* CoreGraphics.framework */; };
		D95D5E30166AADBD004CFC30 /* InfoPlist.strings in Resources */ = {isa = PBXBuildFile; fileRef = D95D5E2E166AADBD004CFC30 /* InfoPlist.strings */; };
		D95D5E32166AADBD004CFC30 /* main.m in Sources */ = {isa = PBXBuildFile; fileRef = D95D5E31166AADBD004CFC30 /* main.m */; };
		D95D5E36166AADBD004CFC30 /* FZAppDelegate.m in Sources */ = {isa = PBXBuildFile; fileRef = D95D5E35166AADBD004CFC30 /* FZAppDelegate.m */; };
		D95D5E38166AADBD004CFC30 /* Default.png in Resources */ = {isa = PBXBuildFile; fileRef = D95D5E37166AADBD004CFC30 /* Default.png */; };
		D95D5E3A166AADBD004CFC30 /* Default@2x.png in Resources */ = {isa = PBXBuildFile; fileRef = D95D5E39166AADBD004CFC30 /* Default@2x.png */; };
		D95D5E3C166AADBD004CFC30 /* Default-568h@2x.png in Resources */ = {isa = PBXBuildFile; fileRef = D95D5E3B166AADBD004CFC30 /* Default-568h@2x.png */; };
		D95D5E48166AAFBE004CFC30 /* FZSearchMapViewController.m in Sources */ = {isa = PBXBuildFile; fileRef = D95D5E46166AAFBE004CFC30 /* FZSearchMapViewController.m */; };
		D95D5E49166AAFBE004CFC30 /* FZSearchMapViewController.xib in Resources */ = {isa = PBXBuildFile; fileRef = D95D5E47166AAFBE004CFC30 /* FZSearchMapViewController.xib */; };
		D95D5E4B166AB03B004CFC30 /* MapKit.framework in Frameworks */ = {isa = PBXBuildFile; fileRef = D95D5E4A166AB03B004CFC30 /* MapKit.framework */; };
		D95D5E4D166AB043004CFC30 /* QuartzCore.framework in Frameworks */ = {isa = PBXBuildFile; fileRef = D95D5E4C166AB043004CFC30 /* QuartzCore.framework */; };
		D95D5E50166AB0C3004CFC30 /* FZSearchTabController.m in Sources */ = {isa = PBXBuildFile; fileRef = D95D5E4F166AB0C3004CFC30 /* FZSearchTabController.m */; };
		D95D5E56166ABC3B004CFC30 /* FZPostPictureViewController.m in Sources */ = {isa = PBXBuildFile; fileRef = D95D5E54166ABC3B004CFC30 /* FZPostPictureViewController.m */; };
		D95D5E57166ABC3B004CFC30 /* FZPostPictureViewController.xib in Resources */ = {isa = PBXBuildFile; fileRef = D95D5E55166ABC3B004CFC30 /* FZPostPictureViewController.xib */; };
		D95D5E59166AC3DD004CFC30 /* AVFoundation.framework in Frameworks */ = {isa = PBXBuildFile; fileRef = D95D5E58166AC3DD004CFC30 /* AVFoundation.framework */; };
		D95D5E74166AC931004CFC30 /* 01-refresh.png in Resources */ = {isa = PBXBuildFile; fileRef = D95D5E5A166AC931004CFC30 /* 01-refresh.png */; };
		D95D5E75166AC931004CFC30 /* 01-refresh@2x.png in Resources */ = {isa = PBXBuildFile; fileRef = D95D5E5B166AC931004CFC30 /* 01-refresh@2x.png */; };
		D95D5E76166AC931004CFC30 /* 06-magnify.png in Resources */ = {isa = PBXBuildFile; fileRef = D95D5E5C166AC931004CFC30 /* 06-magnify.png */; };
		D95D5E77166AC931004CFC30 /* 06-magnify@2x.png in Resources */ = {isa = PBXBuildFile; fileRef = D95D5E5D166AC931004CFC30 /* 06-magnify@2x.png */; };
		D95D5E78166AC931004CFC30 /* 07-map-marker.png in Resources */ = {isa = PBXBuildFile; fileRef = D95D5E5E166AC931004CFC30 /* 07-map-marker.png */; };
		D95D5E79166AC931004CFC30 /* 07-map-marker@2x.png in Resources */ = {isa = PBXBuildFile; fileRef = D95D5E5F166AC931004CFC30 /* 07-map-marker@2x.png */; };
		D95D5E7A166AC931004CFC30 /* 12-eye.png in Resources */ = {isa = PBXBuildFile; fileRef = D95D5E60166AC931004CFC30 /* 12-eye.png */; };
		D95D5E7B166AC931004CFC30 /* 12-eye@2x.png in Resources */ = {isa = PBXBuildFile; fileRef = D95D5E61166AC931004CFC30 /* 12-eye@2x.png */; };
		D95D5E7C166AC931004CFC30 /* 13-target.png in Resources */ = {isa = PBXBuildFile; fileRef = D95D5E62166AC931004CFC30 /* 13-target.png */; };
		D95D5E7D166AC931004CFC30 /* 13-target@2x.png in Resources */ = {isa = PBXBuildFile; fileRef = D95D5E63166AC931004CFC30 /* 13-target@2x.png */; };
		D95D5E7E166AC931004CFC30 /* 71-compass.png in Resources */ = {isa = PBXBuildFile; fileRef = D95D5E64166AC931004CFC30 /* 71-compass.png */; };
		D95D5E7F166AC931004CFC30 /* 71-compass@2x.png in Resources */ = {isa = PBXBuildFile; fileRef = D95D5E65166AC931004CFC30 /* 71-compass@2x.png */; };
		D95D5E80166AC931004CFC30 /* 72-pin.png in Resources */ = {isa = PBXBuildFile; fileRef = D95D5E66166AC931004CFC30 /* 72-pin.png */; };
		D95D5E81166AC931004CFC30 /* 72-pin@2x.png in Resources */ = {isa = PBXBuildFile; fileRef = D95D5E67166AC931004CFC30 /* 72-pin@2x.png */; };
		D95D5E82166AC931004CFC30 /* 73-radar.png in Resources */ = {isa = PBXBuildFile; fileRef = D95D5E68166AC931004CFC30 /* 73-radar.png */; };
		D95D5E83166AC931004CFC30 /* 73-radar@2x.png in Resources */ = {isa = PBXBuildFile; fileRef = D95D5E69166AC931004CFC30 /* 73-radar@2x.png */; };
		D95D5E84166AC931004CFC30 /* 74-location.png in Resources */ = {isa = PBXBuildFile; fileRef = D95D5E6A166AC931004CFC30 /* 74-location.png */; };
		D95D5E85166AC931004CFC30 /* 74-location@2x.png in Resources */ = {isa = PBXBuildFile; fileRef = D95D5E6B166AC931004CFC30 /* 74-location@2x.png */; };
		D95D5E86166AC931004CFC30 /* 86-camera.png in Resources */ = {isa = PBXBuildFile; fileRef = D95D5E6C166AC931004CFC30 /* 86-camera.png */; };
		D95D5E87166AC931004CFC30 /* 86-camera@2x.png in Resources */ = {isa = PBXBuildFile; fileRef = D95D5E6D166AC931004CFC30 /* 86-camera@2x.png */; };
		D95D5E88166AC931004CFC30 /* 162-receipt.png in Resources */ = {isa = PBXBuildFile; fileRef = D95D5E6E166AC931004CFC30 /* 162-receipt.png */; };
		D95D5E89166AC931004CFC30 /* 162-receipt@2x.png in Resources */ = {isa = PBXBuildFile; fileRef = D95D5E6F166AC931004CFC30 /* 162-receipt@2x.png */; };
		D95D5E8A166AC931004CFC30 /* 179-notepad.png in Resources */ = {isa = PBXBuildFile; fileRef = D95D5E70166AC931004CFC30 /* 179-notepad.png */; };
		D95D5E8B166AC931004CFC30 /* 179-notepad@2x.png in Resources */ = {isa = PBXBuildFile; fileRef = D95D5E71166AC931004CFC30 /* 179-notepad@2x.png */; };
		D95D5E8C166AC931004CFC30 /* 180-stickynote.png in Resources */ = {isa = PBXBuildFile; fileRef = D95D5E72166AC931004CFC30 /* 180-stickynote.png */; };
		D95D5E8D166AC931004CFC30 /* 180-stickynote@2x.png in Resources */ = {isa = PBXBuildFile; fileRef = D95D5E73166AC931004CFC30 /* 180-stickynote@2x.png */; };
		D95D5E8F166ACA42004CFC30 /* CoreLocation.framework in Frameworks */ = {isa = PBXBuildFile; fileRef = D95D5E8E166ACA42004CFC30 /* CoreLocation.framework */; };
/* End PBXBuildFile section */

/* Begin PBXFileReference section */
		41149095166ACEE300C67007 /* FPPicker.framework */ = {isa = PBXFileReference; lastKnownFileType = wrapper.framework; path = FPPicker.framework; sourceTree = "<group>"; };
		41149098166ACF5200C67007 /* FPPicker.bundle */ = {isa = PBXFileReference; lastKnownFileType = "wrapper.plug-in"; path = FPPicker.bundle; sourceTree = "<group>"; };
		4129107B166AD75800CF4B32 /* MobileCoreServices.framework */ = {isa = PBXFileReference; lastKnownFileType = wrapper.framework; name = MobileCoreServices.framework; path = System/Library/Frameworks/MobileCoreServices.framework; sourceTree = SDKROOT; };
		4129107E166AD8B900CF4B32 /* AssetsLibrary.framework */ = {isa = PBXFileReference; lastKnownFileType = wrapper.framework; name = AssetsLibrary.framework; path = System/Library/Frameworks/AssetsLibrary.framework; sourceTree = SDKROOT; };
		41291084166AF6F700CF4B32 /* Firebase.framework */ = {isa = PBXFileReference; lastKnownFileType = wrapper.framework; path = Firebase.framework; sourceTree = "<group>"; };
		D95D5E21166AADBD004CFC30 /* freeshiz.app */ = {isa = PBXFileReference; explicitFileType = wrapper.application; includeInIndex = 0; path = freeshiz.app; sourceTree = BUILT_PRODUCTS_DIR; };
		D95D5E25166AADBD004CFC30 /* UIKit.framework */ = {isa = PBXFileReference; lastKnownFileType = wrapper.framework; name = UIKit.framework; path = System/Library/Frameworks/UIKit.framework; sourceTree = SDKROOT; };
		D95D5E27166AADBD004CFC30 /* Foundation.framework */ = {isa = PBXFileReference; lastKnownFileType = wrapper.framework; name = Foundation.framework; path = System/Library/Frameworks/Foundation.framework; sourceTree = SDKROOT; };
		D95D5E29166AADBD004CFC30 /* CoreGraphics.framework */ = {isa = PBXFileReference; lastKnownFileType = wrapper.framework; name = CoreGraphics.framework; path = System/Library/Frameworks/CoreGraphics.framework; sourceTree = SDKROOT; };
		D95D5E2D166AADBD004CFC30 /* freeshiz-Info.plist */ = {isa = PBXFileReference; lastKnownFileType = text.plist.xml; path = "freeshiz-Info.plist"; sourceTree = "<group>"; };
		D95D5E2F166AADBD004CFC30 /* en */ = {isa = PBXFileReference; lastKnownFileType = text.plist.strings; name = en; path = en.lproj/InfoPlist.strings; sourceTree = "<group>"; };
		D95D5E31166AADBD004CFC30 /* main.m */ = {isa = PBXFileReference; lastKnownFileType = sourcecode.c.objc; path = main.m; sourceTree = "<group>"; };
		D95D5E33166AADBD004CFC30 /* freeshiz-Prefix.pch */ = {isa = PBXFileReference; lastKnownFileType = sourcecode.c.h; path = "freeshiz-Prefix.pch"; sourceTree = "<group>"; };
		D95D5E34166AADBD004CFC30 /* FZAppDelegate.h */ = {isa = PBXFileReference; lastKnownFileType = sourcecode.c.h; path = FZAppDelegate.h; sourceTree = "<group>"; };
		D95D5E35166AADBD004CFC30 /* FZAppDelegate.m */ = {isa = PBXFileReference; lastKnownFileType = sourcecode.c.objc; path = FZAppDelegate.m; sourceTree = "<group>"; };
		D95D5E37166AADBD004CFC30 /* Default.png */ = {isa = PBXFileReference; lastKnownFileType = image.png; path = Default.png; sourceTree = "<group>"; };
		D95D5E39166AADBD004CFC30 /* Default@2x.png */ = {isa = PBXFileReference; lastKnownFileType = image.png; path = "Default@2x.png"; sourceTree = "<group>"; };
		D95D5E3B166AADBD004CFC30 /* Default-568h@2x.png */ = {isa = PBXFileReference; lastKnownFileType = image.png; path = "Default-568h@2x.png"; sourceTree = "<group>"; };
		D95D5E45166AAFBE004CFC30 /* FZSearchMapViewController.h */ = {isa = PBXFileReference; fileEncoding = 4; lastKnownFileType = sourcecode.c.h; path = FZSearchMapViewController.h; sourceTree = "<group>"; };
		D95D5E46166AAFBE004CFC30 /* FZSearchMapViewController.m */ = {isa = PBXFileReference; fileEncoding = 4; lastKnownFileType = sourcecode.c.objc; path = FZSearchMapViewController.m; sourceTree = "<group>"; };
		D95D5E47166AAFBE004CFC30 /* FZSearchMapViewController.xib */ = {isa = PBXFileReference; fileEncoding = 4; lastKnownFileType = file.xib; path = FZSearchMapViewController.xib; sourceTree = "<group>"; };
		D95D5E4A166AB03B004CFC30 /* MapKit.framework */ = {isa = PBXFileReference; lastKnownFileType = wrapper.framework; name = MapKit.framework; path = System/Library/Frameworks/MapKit.framework; sourceTree = SDKROOT; };
		D95D5E4C166AB043004CFC30 /* QuartzCore.framework */ = {isa = PBXFileReference; lastKnownFileType = wrapper.framework; name = QuartzCore.framework; path = System/Library/Frameworks/QuartzCore.framework; sourceTree = SDKROOT; };
		D95D5E4E166AB0C3004CFC30 /* FZSearchTabController.h */ = {isa = PBXFileReference; fileEncoding = 4; lastKnownFileType = sourcecode.c.h; path = FZSearchTabController.h; sourceTree = "<group>"; };
		D95D5E4F166AB0C3004CFC30 /* FZSearchTabController.m */ = {isa = PBXFileReference; fileEncoding = 4; lastKnownFileType = sourcecode.c.objc; path = FZSearchTabController.m; sourceTree = "<group>"; };
		D95D5E53166ABC3B004CFC30 /* FZPostPictureViewController.h */ = {isa = PBXFileReference; fileEncoding = 4; lastKnownFileType = sourcecode.c.h; path = FZPostPictureViewController.h; sourceTree = "<group>"; };
		D95D5E54166ABC3B004CFC30 /* FZPostPictureViewController.m */ = {isa = PBXFileReference; fileEncoding = 4; lastKnownFileType = sourcecode.c.objc; path = FZPostPictureViewController.m; sourceTree = "<group>"; };
		D95D5E55166ABC3B004CFC30 /* FZPostPictureViewController.xib */ = {isa = PBXFileReference; fileEncoding = 4; lastKnownFileType = file.xib; path = FZPostPictureViewController.xib; sourceTree = "<group>"; };
		D95D5E58166AC3DD004CFC30 /* AVFoundation.framework */ = {isa = PBXFileReference; lastKnownFileType = wrapper.framework; name = AVFoundation.framework; path = System/Library/Frameworks/AVFoundation.framework; sourceTree = SDKROOT; };
		D95D5E5A166AC931004CFC30 /* 01-refresh.png */ = {isa = PBXFileReference; lastKnownFileType = image.png; path = "01-refresh.png"; sourceTree = "<group>"; };
		D95D5E5B166AC931004CFC30 /* 01-refresh@2x.png */ = {isa = PBXFileReference; lastKnownFileType = image.png; path = "01-refresh@2x.png"; sourceTree = "<group>"; };
		D95D5E5C166AC931004CFC30 /* 06-magnify.png */ = {isa = PBXFileReference; lastKnownFileType = image.png; path = "06-magnify.png"; sourceTree = "<group>"; };
		D95D5E5D166AC931004CFC30 /* 06-magnify@2x.png */ = {isa = PBXFileReference; lastKnownFileType = image.png; path = "06-magnify@2x.png"; sourceTree = "<group>"; };
		D95D5E5E166AC931004CFC30 /* 07-map-marker.png */ = {isa = PBXFileReference; lastKnownFileType = image.png; path = "07-map-marker.png"; sourceTree = "<group>"; };
		D95D5E5F166AC931004CFC30 /* 07-map-marker@2x.png */ = {isa = PBXFileReference; lastKnownFileType = image.png; path = "07-map-marker@2x.png"; sourceTree = "<group>"; };
		D95D5E60166AC931004CFC30 /* 12-eye.png */ = {isa = PBXFileReference; lastKnownFileType = image.png; path = "12-eye.png"; sourceTree = "<group>"; };
		D95D5E61166AC931004CFC30 /* 12-eye@2x.png */ = {isa = PBXFileReference; lastKnownFileType = image.png; path = "12-eye@2x.png"; sourceTree = "<group>"; };
		D95D5E62166AC931004CFC30 /* 13-target.png */ = {isa = PBXFileReference; lastKnownFileType = image.png; path = "13-target.png"; sourceTree = "<group>"; };
		D95D5E63166AC931004CFC30 /* 13-target@2x.png */ = {isa = PBXFileReference; lastKnownFileType = image.png; path = "13-target@2x.png"; sourceTree = "<group>"; };
		D95D5E64166AC931004CFC30 /* 71-compass.png */ = {isa = PBXFileReference; lastKnownFileType = image.png; path = "71-compass.png"; sourceTree = "<group>"; };
		D95D5E65166AC931004CFC30 /* 71-compass@2x.png */ = {isa = PBXFileReference; lastKnownFileType = image.png; path = "71-compass@2x.png"; sourceTree = "<group>"; };
		D95D5E66166AC931004CFC30 /* 72-pin.png */ = {isa = PBXFileReference; lastKnownFileType = image.png; path = "72-pin.png"; sourceTree = "<group>"; };
		D95D5E67166AC931004CFC30 /* 72-pin@2x.png */ = {isa = PBXFileReference; lastKnownFileType = image.png; path = "72-pin@2x.png"; sourceTree = "<group>"; };
		D95D5E68166AC931004CFC30 /* 73-radar.png */ = {isa = PBXFileReference; lastKnownFileType = image.png; path = "73-radar.png"; sourceTree = "<group>"; };
		D95D5E69166AC931004CFC30 /* 73-radar@2x.png */ = {isa = PBXFileReference; lastKnownFileType = image.png; path = "73-radar@2x.png"; sourceTree = "<group>"; };
		D95D5E6A166AC931004CFC30 /* 74-location.png */ = {isa = PBXFileReference; lastKnownFileType = image.png; path = "74-location.png"; sourceTree = "<group>"; };
		D95D5E6B166AC931004CFC30 /* 74-location@2x.png */ = {isa = PBXFileReference; lastKnownFileType = image.png; path = "74-location@2x.png"; sourceTree = "<group>"; };
		D95D5E6C166AC931004CFC30 /* 86-camera.png */ = {isa = PBXFileReference; lastKnownFileType = image.png; path = "86-camera.png"; sourceTree = "<group>"; };
		D95D5E6D166AC931004CFC30 /* 86-camera@2x.png */ = {isa = PBXFileReference; lastKnownFileType = image.png; path = "86-camera@2x.png"; sourceTree = "<group>"; };
		D95D5E6E166AC931004CFC30 /* 162-receipt.png */ = {isa = PBXFileReference; lastKnownFileType = image.png; path = "162-receipt.png"; sourceTree = "<group>"; };
		D95D5E6F166AC931004CFC30 /* 162-receipt@2x.png */ = {isa = PBXFileReference; lastKnownFileType = image.png; path = "162-receipt@2x.png"; sourceTree = "<group>"; };
		D95D5E70166AC931004CFC30 /* 179-notepad.png */ = {isa = PBXFileReference; lastKnownFileType = image.png; path = "179-notepad.png"; sourceTree = "<group>"; };
		D95D5E71166AC931004CFC30 /* 179-notepad@2x.png */ = {isa = PBXFileReference; lastKnownFileType = image.png; path = "179-notepad@2x.png"; sourceTree = "<group>"; };
		D95D5E72166AC931004CFC30 /* 180-stickynote.png */ = {isa = PBXFileReference; lastKnownFileType = image.png; path = "180-stickynote.png"; sourceTree = "<group>"; };
		D95D5E73166AC931004CFC30 /* 180-stickynote@2x.png */ = {isa = PBXFileReference; lastKnownFileType = image.png; path = "180-stickynote@2x.png"; sourceTree = "<group>"; };
		D95D5E8E166ACA42004CFC30 /* CoreLocation.framework */ = {isa = PBXFileReference; lastKnownFileType = wrapper.framework; name = CoreLocation.framework; path = System/Library/Frameworks/CoreLocation.framework; sourceTree = SDKROOT; };
		D95D5E90166AD3C4004CFC30 /* FZSearchListViewController.h */ = {isa = PBXFileReference; fileEncoding = 4; lastKnownFileType = sourcecode.c.h; path = FZSearchListViewController.h; sourceTree = "<group>"; };
		D95D5E91166AD3C5004CFC30 /* FZSearchListViewController.m */ = {isa = PBXFileReference; fileEncoding = 4; lastKnownFileType = sourcecode.c.objc; path = FZSearchListViewController.m; sourceTree = "<group>"; };
		D95D5E97166ADA05004CFC30 /* FZSearchListViewCell.h */ = {isa = PBXFileReference; fileEncoding = 4; lastKnownFileType = sourcecode.c.h; path = FZSearchListViewCell.h; sourceTree = "<group>"; };
		D95D5E98166ADA05004CFC30 /* FZSearchListViewCell.m */ = {isa = PBXFileReference; fileEncoding = 4; lastKnownFileType = sourcecode.c.objc; path = FZSearchListViewCell.m; sourceTree = "<group>"; };
/* End PBXFileReference section */

/* Begin PBXFrameworksBuildPhase section */
		D95D5E1E166AADBD004CFC30 /* Frameworks */ = {
			isa = PBXFrameworksBuildPhase;
			buildActionMask = 2147483647;
			files = (
				4129107F166AD8B900CF4B32 /* AssetsLibrary.framework in Frameworks */,
				4129107C166AD75800CF4B32 /* MobileCoreServices.framework in Frameworks */,
				41149096166ACEE300C67007 /* FPPicker.framework in Frameworks */,
				D95D5E8F166ACA42004CFC30 /* CoreLocation.framework in Frameworks */,
				D95D5E59166AC3DD004CFC30 /* AVFoundation.framework in Frameworks */,
				D95D5E4D166AB043004CFC30 /* QuartzCore.framework in Frameworks */,
				D95D5E4B166AB03B004CFC30 /* MapKit.framework in Frameworks */,
				D95D5E26166AADBD004CFC30 /* UIKit.framework in Frameworks */,
				D95D5E28166AADBD004CFC30 /* Foundation.framework in Frameworks */,
				D95D5E2A166AADBD004CFC30 /* CoreGraphics.framework in Frameworks */,
				41291085166AF6F700CF4B32 /* Firebase.framework in Frameworks */,
			);
			runOnlyForDeploymentPostprocessing = 0;
		};
/* End PBXFrameworksBuildPhase section */

/* Begin PBXGroup section */
		D95D5E16166AADBD004CFC30 = {
			isa = PBXGroup;
			children = (
				D95D5E2B166AADBD004CFC30 /* freeshiz */,
				D95D5E24166AADBD004CFC30 /* Frameworks */,
				D95D5E22166AADBD004CFC30 /* Products */,
			);
			sourceTree = "<group>";
		};
		D95D5E22166AADBD004CFC30 /* Products */ = {
			isa = PBXGroup;
			children = (
				D95D5E21166AADBD004CFC30 /* freeshiz.app */,
			);
			name = Products;
			sourceTree = "<group>";
		};
		D95D5E24166AADBD004CFC30 /* Frameworks */ = {
			isa = PBXGroup;
			children = (
				41291084166AF6F700CF4B32 /* Firebase.framework */,
				4129107E166AD8B900CF4B32 /* AssetsLibrary.framework */,
				4129107B166AD75800CF4B32 /* MobileCoreServices.framework */,
				41149095166ACEE300C67007 /* FPPicker.framework */,
				41149098166ACF5200C67007 /* FPPicker.bundle */,
				D95D5E8E166ACA42004CFC30 /* CoreLocation.framework */,
				D95D5E58166AC3DD004CFC30 /* AVFoundation.framework */,
				D95D5E4C166AB043004CFC30 /* QuartzCore.framework */,
				D95D5E4A166AB03B004CFC30 /* MapKit.framework */,
				D95D5E25166AADBD004CFC30 /* UIKit.framework */,
				D95D5E27166AADBD004CFC30 /* Foundation.framework */,
				D95D5E29166AADBD004CFC30 /* CoreGraphics.framework */,
			);
			name = Frameworks;
			sourceTree = "<group>";
		};
		D95D5E2B166AADBD004CFC30 /* freeshiz */ = {
			isa = PBXGroup;
			children = (
				D95D5E2C166AADBD004CFC30 /* Supporting Files */,
				D95D5E4E166AB0C3004CFC30 /* FZSearchTabController.h */,
				D95D5E4F166AB0C3004CFC30 /* FZSearchTabController.m */,
				D95D5E45166AAFBE004CFC30 /* FZSearchMapViewController.h */,
				D95D5E46166AAFBE004CFC30 /* FZSearchMapViewController.m */,
				D95D5E47166AAFBE004CFC30 /* FZSearchMapViewController.xib */,
				D95D5E34166AADBD004CFC30 /* FZAppDelegate.h */,
				D95D5E35166AADBD004CFC30 /* FZAppDelegate.m */,
				D95D5E53166ABC3B004CFC30 /* FZPostPictureViewController.h */,
				D95D5E54166ABC3B004CFC30 /* FZPostPictureViewController.m */,
				D95D5E55166ABC3B004CFC30 /* FZPostPictureViewController.xib */,
				D95D5E2C166AADBD004CFC30 /* Supporting Files */,
				D95D5E90166AD3C4004CFC30 /* FZSearchListViewController.h */,
				D95D5E91166AD3C5004CFC30 /* FZSearchListViewController.m */,
				D95D5E97166ADA05004CFC30 /* FZSearchListViewCell.h */,
				D95D5E98166ADA05004CFC30 /* FZSearchListViewCell.m */,
			);
			path = freeshiz;
			sourceTree = "<group>";
		};
		D95D5E2C166AADBD004CFC30 /* Supporting Files */ = {
			isa = PBXGroup;
			children = (
				D95D5E5A166AC931004CFC30 /* 01-refresh.png */,
				D95D5E5B166AC931004CFC30 /* 01-refresh@2x.png */,
				D95D5E5C166AC931004CFC30 /* 06-magnify.png */,
				D95D5E5D166AC931004CFC30 /* 06-magnify@2x.png */,
				D95D5E5E166AC931004CFC30 /* 07-map-marker.png */,
				D95D5E5F166AC931004CFC30 /* 07-map-marker@2x.png */,
				D95D5E60166AC931004CFC30 /* 12-eye.png */,
				D95D5E61166AC931004CFC30 /* 12-eye@2x.png */,
				D95D5E62166AC931004CFC30 /* 13-target.png */,
				D95D5E63166AC931004CFC30 /* 13-target@2x.png */,
				D95D5E64166AC931004CFC30 /* 71-compass.png */,
				D95D5E65166AC931004CFC30 /* 71-compass@2x.png */,
				D95D5E66166AC931004CFC30 /* 72-pin.png */,
				D95D5E67166AC931004CFC30 /* 72-pin@2x.png */,
				D95D5E68166AC931004CFC30 /* 73-radar.png */,
				D95D5E69166AC931004CFC30 /* 73-radar@2x.png */,
				D95D5E6A166AC931004CFC30 /* 74-location.png */,
				D95D5E6B166AC931004CFC30 /* 74-location@2x.png */,
				D95D5E6C166AC931004CFC30 /* 86-camera.png */,
				D95D5E6D166AC931004CFC30 /* 86-camera@2x.png */,
				D95D5E6E166AC931004CFC30 /* 162-receipt.png */,
				D95D5E6F166AC931004CFC30 /* 162-receipt@2x.png */,
				D95D5E70166AC931004CFC30 /* 179-notepad.png */,
				D95D5E71166AC931004CFC30 /* 179-notepad@2x.png */,
				D95D5E72166AC931004CFC30 /* 180-stickynote.png */,
				D95D5E73166AC931004CFC30 /* 180-stickynote@2x.png */,
				D95D5E2D166AADBD004CFC30 /* freeshiz-Info.plist */,
				D95D5E2E166AADBD004CFC30 /* InfoPlist.strings */,
				D95D5E31166AADBD004CFC30 /* main.m */,
				D95D5E33166AADBD004CFC30 /* freeshiz-Prefix.pch */,
				D95D5E37166AADBD004CFC30 /* Default.png */,
				D95D5E39166AADBD004CFC30 /* Default@2x.png */,
				D95D5E3B166AADBD004CFC30 /* Default-568h@2x.png */,
			);
			name = "Supporting Files";
			sourceTree = "<group>";
		};
/* End PBXGroup section */

/* Begin PBXNativeTarget section */
		D95D5E20166AADBD004CFC30 /* freeshiz */ = {
			isa = PBXNativeTarget;
			buildConfigurationList = D95D5E3F166AADBD004CFC30 /* Build configuration list for PBXNativeTarget "freeshiz" */;
			buildPhases = (
				D95D5E1D166AADBD004CFC30 /* Sources */,
				D95D5E1E166AADBD004CFC30 /* Frameworks */,
				D95D5E1F166AADBD004CFC30 /* Resources */,
			);
			buildRules = (
			);
			dependencies = (
			);
			name = freeshiz;
			productName = freeshiz;
			productReference = D95D5E21166AADBD004CFC30 /* freeshiz.app */;
			productType = "com.apple.product-type.application";
		};
/* End PBXNativeTarget section */

/* Begin PBXProject section */
		D95D5E18166AADBD004CFC30 /* Project object */ = {
			isa = PBXProject;
			attributes = {
				CLASSPREFIX = FZ;
				LastUpgradeCheck = 0450;
				ORGANIZATIONNAME = freeshiz;
			};
			buildConfigurationList = D95D5E1B166AADBD004CFC30 /* Build configuration list for PBXProject "freeshiz" */;
			compatibilityVersion = "Xcode 3.2";
			developmentRegion = English;
			hasScannedForEncodings = 0;
			knownRegions = (
				en,
			);
			mainGroup = D95D5E16166AADBD004CFC30;
			productRefGroup = D95D5E22166AADBD004CFC30 /* Products */;
			projectDirPath = "";
			projectRoot = "";
			targets = (
				D95D5E20166AADBD004CFC30 /* freeshiz */,
			);
		};
/* End PBXProject section */

/* Begin PBXResourcesBuildPhase section */
		D95D5E1F166AADBD004CFC30 /* Resources */ = {
			isa = PBXResourcesBuildPhase;
			buildActionMask = 2147483647;
			files = (
				D95D5E30166AADBD004CFC30 /* InfoPlist.strings in Resources */,
				D95D5E38166AADBD004CFC30 /* Default.png in Resources */,
				D95D5E3A166AADBD004CFC30 /* Default@2x.png in Resources */,
				D95D5E3C166AADBD004CFC30 /* Default-568h@2x.png in Resources */,
				D95D5E49166AAFBE004CFC30 /* FZSearchMapViewController.xib in Resources */,
				D95D5E57166ABC3B004CFC30 /* FZPostPictureViewController.xib in Resources */,
				D95D5E74166AC931004CFC30 /* 01-refresh.png in Resources */,
				D95D5E75166AC931004CFC30 /* 01-refresh@2x.png in Resources */,
				D95D5E76166AC931004CFC30 /* 06-magnify.png in Resources */,
				D95D5E77166AC931004CFC30 /* 06-magnify@2x.png in Resources */,
				D95D5E78166AC931004CFC30 /* 07-map-marker.png in Resources */,
				D95D5E79166AC931004CFC30 /* 07-map-marker@2x.png in Resources */,
				D95D5E7A166AC931004CFC30 /* 12-eye.png in Resources */,
				D95D5E7B166AC931004CFC30 /* 12-eye@2x.png in Resources */,
				D95D5E7C166AC931004CFC30 /* 13-target.png in Resources */,
				D95D5E7D166AC931004CFC30 /* 13-target@2x.png in Resources */,
				D95D5E7E166AC931004CFC30 /* 71-compass.png in Resources */,
				D95D5E7F166AC931004CFC30 /* 71-compass@2x.png in Resources */,
				D95D5E80166AC931004CFC30 /* 72-pin.png in Resources */,
				D95D5E81166AC931004CFC30 /* 72-pin@2x.png in Resources */,
				D95D5E82166AC931004CFC30 /* 73-radar.png in Resources */,
				D95D5E83166AC931004CFC30 /* 73-radar@2x.png in Resources */,
				D95D5E84166AC931004CFC30 /* 74-location.png in Resources */,
				D95D5E85166AC931004CFC30 /* 74-location@2x.png in Resources */,
				D95D5E86166AC931004CFC30 /* 86-camera.png in Resources */,
				D95D5E87166AC931004CFC30 /* 86-camera@2x.png in Resources */,
				D95D5E88166AC931004CFC30 /* 162-receipt.png in Resources */,
				D95D5E89166AC931004CFC30 /* 162-receipt@2x.png in Resources */,
				D95D5E8A166AC931004CFC30 /* 179-notepad.png in Resources */,
				D95D5E8B166AC931004CFC30 /* 179-notepad@2x.png in Resources */,
				D95D5E8C166AC931004CFC30 /* 180-stickynote.png in Resources */,
				D95D5E8D166AC931004CFC30 /* 180-stickynote@2x.png in Resources */,
				4114909A166ACF5200C67007 /* FPPicker.bundle in Resources */,
			);
			runOnlyForDeploymentPostprocessing = 0;
		};
/* End PBXResourcesBuildPhase section */

/* Begin PBXSourcesBuildPhase section */
		D95D5E1D166AADBD004CFC30 /* Sources */ = {
			isa = PBXSourcesBuildPhase;
			buildActionMask = 2147483647;
			files = (
				4129108A166B058B00CF4B32 /* FZSearchListViewController.m in Sources */,
				4129108B166B058B00CF4B32 /* FZSearchListViewCell.m in Sources */,
				D95D5E32166AADBD004CFC30 /* main.m in Sources */,
				D95D5E36166AADBD004CFC30 /* FZAppDelegate.m in Sources */,
				D95D5E48166AAFBE004CFC30 /* FZSearchMapViewController.m in Sources */,
				D95D5E50166AB0C3004CFC30 /* FZSearchTabController.m in Sources */,
				D95D5E56166ABC3B004CFC30 /* FZPostPictureViewController.m in Sources */,
			);
			runOnlyForDeploymentPostprocessing = 0;
		};
/* End PBXSourcesBuildPhase section */

/* Begin PBXVariantGroup section */
		D95D5E2E166AADBD004CFC30 /* InfoPlist.strings */ = {
			isa = PBXVariantGroup;
			children = (
				D95D5E2F166AADBD004CFC30 /* en */,
			);
			name = InfoPlist.strings;
			sourceTree = "<group>";
		};
/* End PBXVariantGroup section */

/* Begin XCBuildConfiguration section */
		D95D5E3D166AADBD004CFC30 /* Debug */ = {
			isa = XCBuildConfiguration;
			buildSettings = {
				ALWAYS_SEARCH_USER_PATHS = NO;
				CLANG_CXX_LANGUAGE_STANDARD = "gnu++0x";
				CLANG_CXX_LIBRARY = "libc++";
				CLANG_ENABLE_OBJC_ARC = YES;
				CLANG_WARN_EMPTY_BODY = YES;
				CLANG_WARN__DUPLICATE_METHOD_MATCH = YES;
				"CODE_SIGN_IDENTITY[sdk=iphoneos*]" = "iPhone Developer";
				COPY_PHASE_STRIP = NO;
				GCC_C_LANGUAGE_STANDARD = gnu99;
				GCC_DYNAMIC_NO_PIC = NO;
				GCC_OPTIMIZATION_LEVEL = 0;
				GCC_PREPROCESSOR_DEFINITIONS = (
					"DEBUG=1",
					"$(inherited)",
				);
				GCC_SYMBOLS_PRIVATE_EXTERN = NO;
				GCC_WARN_ABOUT_RETURN_TYPE = YES;
				GCC_WARN_UNINITIALIZED_AUTOS = YES;
				GCC_WARN_UNUSED_VARIABLE = YES;
				IPHONEOS_DEPLOYMENT_TARGET = 6.0;
				ONLY_ACTIVE_ARCH = YES;
				SDKROOT = iphoneos;
			};
			name = Debug;
		};
		D95D5E3E166AADBD004CFC30 /* Release */ = {
			isa = XCBuildConfiguration;
			buildSettings = {
				ALWAYS_SEARCH_USER_PATHS = NO;
				CLANG_CXX_LANGUAGE_STANDARD = "gnu++0x";
				CLANG_CXX_LIBRARY = "libc++";
				CLANG_ENABLE_OBJC_ARC = YES;
				CLANG_WARN_EMPTY_BODY = YES;
				CLANG_WARN__DUPLICATE_METHOD_MATCH = YES;
				"CODE_SIGN_IDENTITY[sdk=iphoneos*]" = "iPhone Developer";
				COPY_PHASE_STRIP = YES;
				GCC_C_LANGUAGE_STANDARD = gnu99;
				GCC_WARN_ABOUT_RETURN_TYPE = YES;
				GCC_WARN_UNINITIALIZED_AUTOS = YES;
				GCC_WARN_UNUSED_VARIABLE = YES;
				IPHONEOS_DEPLOYMENT_TARGET = 6.0;
				OTHER_CFLAGS = "-DNS_BLOCK_ASSERTIONS=1";
				SDKROOT = iphoneos;
				VALIDATE_PRODUCT = YES;
			};
			name = Release;
		};
		D95D5E40166AADBD004CFC30 /* Debug */ = {
			isa = XCBuildConfiguration;
			buildSettings = {
				FRAMEWORK_SEARCH_PATHS = (
					"$(inherited)",
					"\"$(SRCROOT)\"",
				);
				GCC_PRECOMPILE_PREFIX_HEADER = YES;
				GCC_PREFIX_HEADER = "freeshiz/freeshiz-Prefix.pch";
				INFOPLIST_FILE = "freeshiz/freeshiz-Info.plist";
				PRODUCT_NAME = "$(TARGET_NAME)";
				WRAPPER_EXTENSION = app;
			};
			name = Debug;
		};
		D95D5E41166AADBD004CFC30 /* Release */ = {
			isa = XCBuildConfiguration;
			buildSettings = {
				FRAMEWORK_SEARCH_PATHS = (
					"$(inherited)",
					"\"$(SRCROOT)\"",
				);
				GCC_PRECOMPILE_PREFIX_HEADER = YES;
				GCC_PREFIX_HEADER = "freeshiz/freeshiz-Prefix.pch";
				INFOPLIST_FILE = "freeshiz/freeshiz-Info.plist";
				PRODUCT_NAME = "$(TARGET_NAME)";
				WRAPPER_EXTENSION = app;
			};
			name = Release;
		};
/* End XCBuildConfiguration section */

/* Begin XCConfigurationList section */
		D95D5E1B166AADBD004CFC30 /* Build configuration list for PBXProject "freeshiz" */ = {
			isa = XCConfigurationList;
			buildConfigurations = (
				D95D5E3D166AADBD004CFC30 /* Debug */,
				D95D5E3E166AADBD004CFC30 /* Release */,
			);
			defaultConfigurationIsVisible = 0;
			defaultConfigurationName = Release;
		};
		D95D5E3F166AADBD004CFC30 /* Build configuration list for PBXNativeTarget "freeshiz" */ = {
			isa = XCConfigurationList;
			buildConfigurations = (
				D95D5E40166AADBD004CFC30 /* Debug */,
				D95D5E41166AADBD004CFC30 /* Release */,
			);
			defaultConfigurationIsVisible = 0;
			defaultConfigurationName = Release;
		};
/* End XCConfigurationList section */
	};
	rootObject = D95D5E18166AADBD004CFC30 /* Project object */;
}
